
Microsoft Visual Studio Solution File, Format Version 12.00
# Visual Studio Version 17
VisualStudioVersion = 17.1.32319.34
MinimumVisualStudioVersion = 10.0.40219.1
Project("{FAE04EC0-301F-11D3-BF4B-00C04F79EFBC}") = "TP3", "TP3.csproj", "{C2F94602-EF03-45B7-AFA4-695FA519FC87}"
EndProject
Global
	GlobalSection(SolutionConfigurationPlatforms) = preSolution
		Debug|Any CPU = Debug|Any CPU
		Release|Any CPU = Release|Any CPU
	EndGlobalSection
	GlobalSection(ProjectConfigurationPlatforms) = postSolution
		{C2F94602-EF03-45B7-AFA4-695FA519FC87}.Debug|Any CPU.ActiveCfg = Debug|Any CPU
		{C2F94602-EF03-45B7-AFA4-695FA519FC87}.Debug|Any CPU.Build.0 = Debug|Any CPU
		{C2F94602-EF03-45B7-AFA4-695FA519FC87}.Release|Any CPU.ActiveCfg = Release|Any CPU
		{C2F94602-EF03-45B7-AFA4-695FA519FC87}.Release|Any CPU.Build.0 = Release|Any CPU
	EndGlobalSection
	GlobalSection(SolutionProperties) = preSolution
		HideSolutionNode = FALSE
	EndGlobalSection
	GlobalSection(ExtensibilityGlobals) = postSolution
		SolutionGuid = {00F3A2DB-75F6-469A-BE44-23B1179D9F42}
	EndGlobalSection
EndGlobal
